
Microsoft Visual Studio Solution File, Format Version 12.00
# Visual Studio Version 16
VisualStudioVersion = 16.0.30907.101
MinimumVisualStudioVersion = 10.0.40219.1
Project("{FAE04EC0-301F-11D3-BF4B-00C04F79EFBC}") = "VishnetIntegrationTestTools", "VishnetIntegrationTestTools.csproj", "{E1864A1C-D8F9-45A4-9616-50D3E1342B09}"
EndProject
Project("{FAE04EC0-301F-11D3-BF4B-00C04F79EFBC}") = "VishnetIntegrationTestTools.Test", "Test\VishnetIntegrationTestTools.Test.csproj", "{DC79E156-A393-4A7C-BC8C-0FDF38F05B7E}"
EndProject
Global
	GlobalSection(SolutionConfigurationPlatforms) = preSolution
		Debug|Any CPU = Debug|Any CPU
		Release|Any CPU = Release|Any CPU
	EndGlobalSection
	GlobalSection(ProjectConfigurationPlatforms) = postSolution
		{E1864A1C-D8F9-45A4-9616-50D3E1342B09}.Debug|Any CPU.ActiveCfg = Debug|Any CPU
		{E1864A1C-D8F9-45A4-9616-50D3E1342B09}.Debug|Any CPU.Build.0 = Debug|Any CPU
		{E1864A1C-D8F9-45A4-9616-50D3E1342B09}.Release|Any CPU.ActiveCfg = Release|Any CPU
		{E1864A1C-D8F9-45A4-9616-50D3E1342B09}.Release|Any CPU.Build.0 = Release|Any CPU
		{DC79E156-A393-4A7C-BC8C-0FDF38F05B7E}.Debug|Any CPU.ActiveCfg = Debug|Any CPU
		{DC79E156-A393-4A7C-BC8C-0FDF38F05B7E}.Debug|Any CPU.Build.0 = Debug|Any CPU
		{DC79E156-A393-4A7C-BC8C-0FDF38F05B7E}.Release|Any CPU.ActiveCfg = Release|Any CPU
		{DC79E156-A393-4A7C-BC8C-0FDF38F05B7E}.Release|Any CPU.Build.0 = Release|Any CPU
	EndGlobalSection
	GlobalSection(SolutionProperties) = preSolution
		HideSolutionNode = FALSE
	EndGlobalSection
	GlobalSection(ExtensibilityGlobals) = postSolution
		SolutionGuid = {07A598AA-AA3A-4A12-B109-723698D4BEEA}
	EndGlobalSection
EndGlobal
